
Microsoft Visual Studio Solution File, Format Version 12.00
# Visual Studio Version 17
VisualStudioVersion = 17.4.33213.308
MinimumVisualStudioVersion = 10.0.40219.1
Project("{FAE04EC0-301F-11D3-BF4B-00C04F79EFBC}") = "ChessModel", "ChessModel\ChessModel.csproj", "{8BFB1145-1CAA-464A-A361-524BE98229FD}"
EndProject
Project("{FAE04EC0-301F-11D3-BF4B-00C04F79EFBC}") = "ChessBoardConsoleApp", "ChessBoardConsoleApp\ChessBoardConsoleApp.csproj", "{AA280523-5D62-4DF3-8BA7-99826D3C197D}"
EndProject
Global
	GlobalSection(SolutionConfigurationPlatforms) = preSolution
		Debug|Any CPU = Debug|Any CPU
		Release|Any CPU = Release|Any CPU
	EndGlobalSection
	GlobalSection(ProjectConfigurationPlatforms) = postSolution
		{8BFB1145-1CAA-464A-A361-524BE98229FD}.Debug|Any CPU.ActiveCfg = Debug|Any CPU
		{8BFB1145-1CAA-464A-A361-524BE98229FD}.Debug|Any CPU.Build.0 = Debug|Any CPU
		{8BFB1145-1CAA-464A-A361-524BE98229FD}.Release|Any CPU.ActiveCfg = Release|Any CPU
		{8BFB1145-1CAA-464A-A361-524BE98229FD}.Release|Any CPU.Build.0 = Release|Any CPU
		{AA280523-5D62-4DF3-8BA7-99826D3C197D}.Debug|Any CPU.ActiveCfg = Debug|Any CPU
		{AA280523-5D62-4DF3-8BA7-99826D3C197D}.Debug|Any CPU.Build.0 = Debug|Any CPU
		{AA280523-5D62-4DF3-8BA7-99826D3C197D}.Release|Any CPU.ActiveCfg = Release|Any CPU
		{AA280523-5D62-4DF3-8BA7-99826D3C197D}.Release|Any CPU.Build.0 = Release|Any CPU
	EndGlobalSection
	GlobalSection(SolutionProperties) = preSolution
		HideSolutionNode = FALSE
	EndGlobalSection
	GlobalSection(ExtensibilityGlobals) = postSolution
		SolutionGuid = {761F4B3F-3A55-4F6D-8F2B-CBC8245C8224}
	EndGlobalSection
EndGlobal
